
Microsoft Visual Studio Solution File, Format Version 12.00
# Visual Studio Version 16
VisualStudioVersion = 16.0.29503.13
MinimumVisualStudioVersion = 10.0.40219.1
Project("{FAE04EC0-301F-11D3-BF4B-00C04F79EFBC}") = "Playfair", "Playfair\Playfair.csproj", "{ADEE5002-EED4-42F4-B913-D71380E33ECE}"
EndProject
Project("{FAE04EC0-301F-11D3-BF4B-00C04F79EFBC}") = "Playfair_LIB", "Playfair_LIB\Playfair_LIB.csproj", "{3655E210-E741-4A61-A428-CD0E955DEF8C}"
EndProject
Global
	GlobalSection(SolutionConfigurationPlatforms) = preSolution
		Debug|Any CPU = Debug|Any CPU
		Release|Any CPU = Release|Any CPU
	EndGlobalSection
	GlobalSection(ProjectConfigurationPlatforms) = postSolution
		{ADEE5002-EED4-42F4-B913-D71380E33ECE}.Debug|Any CPU.ActiveCfg = Debug|Any CPU
		{ADEE5002-EED4-42F4-B913-D71380E33ECE}.Debug|Any CPU.Build.0 = Debug|Any CPU
		{ADEE5002-EED4-42F4-B913-D71380E33ECE}.Release|Any CPU.ActiveCfg = Release|Any CPU
		{ADEE5002-EED4-42F4-B913-D71380E33ECE}.Release|Any CPU.Build.0 = Release|Any CPU
		{3655E210-E741-4A61-A428-CD0E955DEF8C}.Debug|Any CPU.ActiveCfg = Debug|Any CPU
		{3655E210-E741-4A61-A428-CD0E955DEF8C}.Debug|Any CPU.Build.0 = Debug|Any CPU
		{3655E210-E741-4A61-A428-CD0E955DEF8C}.Release|Any CPU.ActiveCfg = Release|Any CPU
		{3655E210-E741-4A61-A428-CD0E955DEF8C}.Release|Any CPU.Build.0 = Release|Any CPU
	EndGlobalSection
	GlobalSection(SolutionProperties) = preSolution
		HideSolutionNode = FALSE
	EndGlobalSection
	GlobalSection(ExtensibilityGlobals) = postSolution
		SolutionGuid = {5A963DE7-09D0-472E-AB90-BFD95AFF794B}
	EndGlobalSection
EndGlobal
